// !$*UTF8*$!
{
	archiveVersion = 1;
	classes = {
	};
	objectVersion = 46;
	objects = {

/* Begin PBXBuildFile section */
		236364C61C19E5250022D318 /* AppDelegate.swift in Sources */ = {isa = PBXBuildFile; fileRef = 236364C51C19E5250022D318 /* AppDelegate.swift */; };
		236364CB1C19E5250022D318 /* Main.storyboard in Resources */ = {isa = PBXBuildFile; fileRef = 236364C91C19E5250022D318 /* Main.storyboard */; };
		236364CD1C19E5250022D318 /* Images.xcassets in Resources */ = {isa = PBXBuildFile; fileRef = 236364CC1C19E5250022D318 /* Images.xcassets */; };
		236364D01C19E5250022D318 /* LaunchScreen.xib in Resources */ = {isa = PBXBuildFile; fileRef = 236364CE1C19E5250022D318 /* LaunchScreen.xib */; };
		236364DC1C19E5250022D318 /* TheProjectTests.swift in Sources */ = {isa = PBXBuildFile; fileRef = 236364DB1C19E5250022D318 /* TheProjectTests.swift */; };
		236364E71C19E9FF0022D318 /* PopularTalksTableViewController.swift in Sources */ = {isa = PBXBuildFile; fileRef = 236364E61C19E9FF0022D318 /* PopularTalksTableViewController.swift */; };
		236364EA1C19EE890022D318 /* TalkTableViewCell.swift in Sources */ = {isa = PBXBuildFile; fileRef = 236364E91C19EE890022D318 /* TalkTableViewCell.swift */; };
/* End PBXBuildFile section */

/* Begin PBXContainerItemProxy section */
		236364D61C19E5250022D318 /* PBXContainerItemProxy */ = {
			isa = PBXContainerItemProxy;
			containerPortal = 236364B81C19E5250022D318 /* Project object */;
			proxyType = 1;
			remoteGlobalIDString = 236364BF1C19E5250022D318;
			remoteInfo = TheProject;
		};
/* End PBXContainerItemProxy section */

/* Begin PBXFileReference section */
		236364C01C19E5250022D318 /* TheProject.app */ = {isa = PBXFileReference; explicitFileType = wrapper.application; includeInIndex = 0; path = TheProject.app; sourceTree = BUILT_PRODUCTS_DIR; };
		236364C41C19E5250022D318 /* Info.plist */ = {isa = PBXFileReference; lastKnownFileType = text.plist.xml; path = Info.plist; sourceTree = "<group>"; };
		236364C51C19E5250022D318 /* AppDelegate.swift */ = {isa = PBXFileReference; lastKnownFileType = sourcecode.swift; path = AppDelegate.swift; sourceTree = "<group>"; };
		236364CA1C19E5250022D318 /* Base */ = {isa = PBXFileReference; lastKnownFileType = file.storyboard; name = Base; path = Base.lproj/Main.storyboard; sourceTree = "<group>"; };
		236364CC1C19E5250022D318 /* Images.xcassets */ = {isa = PBXFileReference; lastKnownFileType = folder.assetcatalog; path = Images.xcassets; sourceTree = "<group>"; };
		236364CF1C19E5250022D318 /* Base */ = {isa = PBXFileReference; lastKnownFileType = file.xib; name = Base; path = Base.lproj/LaunchScreen.xib; sourceTree = "<group>"; };
		236364D51C19E5250022D318 /* TheProjectTests.xctest */ = {isa = PBXFileReference; explicitFileType = wrapper.cfbundle; includeInIndex = 0; path = TheProjectTests.xctest; sourceTree = BUILT_PRODUCTS_DIR; };
		236364DA1C19E5250022D318 /* Info.plist */ = {isa = PBXFileReference; lastKnownFileType = text.plist.xml; path = Info.plist; sourceTree = "<group>"; };
		236364DB1C19E5250022D318 /* TheProjectTests.swift */ = {isa = PBXFileReference; lastKnownFileType = sourcecode.swift; path = TheProjectTests.swift; sourceTree = "<group>"; };
		236364E61C19E9FF0022D318 /* PopularTalksTableViewController.swift */ = {isa = PBXFileReference; fileEncoding = 4; lastKnownFileType = sourcecode.swift; path = PopularTalksTableViewController.swift; sourceTree = "<group>"; };
		236364E91C19EE890022D318 /* TalkTableViewCell.swift */ = {isa = PBXFileReference; fileEncoding = 4; lastKnownFileType = sourcecode.swift; path = TalkTableViewCell.swift; sourceTree = "<group>"; };
/* End PBXFileReference section */

/* Begin PBXFrameworksBuildPhase section */
		236364BD1C19E5250022D318 /* Frameworks */ = {
			isa = PBXFrameworksBuildPhase;
			buildActionMask = 2147483647;
			files = (
			);
			runOnlyForDeploymentPostprocessing = 0;
		};
		236364D21C19E5250022D318 /* Frameworks */ = {
			isa = PBXFrameworksBuildPhase;
			buildActionMask = 2147483647;
			files = (
			);
			runOnlyForDeploymentPostprocessing = 0;
		};
/* End PBXFrameworksBuildPhase section */

/* Begin PBXGroup section */
		236364B71C19E5250022D318 = {
			isa = PBXGroup;
			children = (
				236364C21C19E5250022D318 /* TheProject */,
				236364D81C19E5250022D318 /* TheProjectTests */,
				236364C11C19E5250022D318 /* Products */,
			);
			sourceTree = "<group>";
		};
		236364C11C19E5250022D318 /* Products */ = {
			isa = PBXGroup;
			children = (
				236364C01C19E5250022D318 /* TheProject.app */,
				236364D51C19E5250022D318 /* TheProjectTests.xctest */,
			);
			name = Products;
			sourceTree = "<group>";
		};
		236364C21C19E5250022D318 /* TheProject */ = {
			isa = PBXGroup;
			children = (
				236364E81C19EE5C0022D318 /* TableCells */,
				236364E51C19E7880022D318 /* Controllers */,
				236364C51C19E5250022D318 /* AppDelegate.swift */,
				236364C91C19E5250022D318 /* Main.storyboard */,
				236364CC1C19E5250022D318 /* Images.xcassets */,
				236364CE1C19E5250022D318 /* LaunchScreen.xib */,
				236364C31C19E5250022D318 /* Supporting Files */,
			);
			path = TheProject;
			sourceTree = "<group>";
		};
		236364C31C19E5250022D318 /* Supporting Files */ = {
			isa = PBXGroup;
			children = (
				236364C41C19E5250022D318 /* Info.plist */,
			);
			name = "Supporting Files";
			sourceTree = "<group>";
		};
		236364D81C19E5250022D318 /* TheProjectTests */ = {
			isa = PBXGroup;
			children = (
				236364DB1C19E5250022D318 /* TheProjectTests.swift */,
				236364D91C19E5250022D318 /* Supporting Files */,
			);
			path = TheProjectTests;
			sourceTree = "<group>";
		};
		236364D91C19E5250022D318 /* Supporting Files */ = {
			isa = PBXGroup;
			children = (
				236364DA1C19E5250022D318 /* Info.plist */,
			);
			name = "Supporting Files";
			sourceTree = "<group>";
		};
		236364E51C19E7880022D318 /* Controllers */ = {
			isa = PBXGroup;
			children = (
				236364E61C19E9FF0022D318 /* PopularTalksTableViewController.swift */,
			);
			name = Controllers;
			sourceTree = "<group>";
		};
		236364E81C19EE5C0022D318 /* TableCells */ = {
			isa = PBXGroup;
			children = (
				236364E91C19EE890022D318 /* TalkTableViewCell.swift */,
			);
			name = TableCells;
			sourceTree = "<group>";
		};
/* End PBXGroup section */

/* Begin PBXNativeTarget section */
		236364BF1C19E5250022D318 /* TheProject */ = {
			isa = PBXNativeTarget;
			buildConfigurationList = 236364DF1C19E5250022D318 /* Build configuration list for PBXNativeTarget "TheProject" */;
			buildPhases = (
				236364BC1C19E5250022D318 /* Sources */,
				236364BD1C19E5250022D318 /* Frameworks */,
				236364BE1C19E5250022D318 /* Resources */,
			);
			buildRules = (
			);
			dependencies = (
			);
			name = TheProject;
			productName = TheProject;
			productReference = 236364C01C19E5250022D318 /* TheProject.app */;
			productType = "com.apple.product-type.application";
		};
		236364D41C19E5250022D318 /* TheProjectTests */ = {
			isa = PBXNativeTarget;
			buildConfigurationList = 236364E21C19E5250022D318 /* Build configuration list for PBXNativeTarget "TheProjectTests" */;
			buildPhases = (
				236364D11C19E5250022D318 /* Sources */,
				236364D21C19E5250022D318 /* Frameworks */,
				236364D31C19E5250022D318 /* Resources */,
			);
			buildRules = (
			);
			dependencies = (
				236364D71C19E5250022D318 /* PBXTargetDependency */,
			);
			name = TheProjectTests;
			productName = TheProjectTests;
			productReference = 236364D51C19E5250022D318 /* TheProjectTests.xctest */;
			productType = "com.apple.product-type.bundle.unit-test";
		};
/* End PBXNativeTarget section */

/* Begin PBXProject section */
		236364B81C19E5250022D318 /* Project object */ = {
			isa = PBXProject;
			attributes = {
				LastUpgradeCheck = 0640;
				ORGANIZATIONNAME = "Ramirez and Hernandez";
				TargetAttributes = {
					236364BF1C19E5250022D318 = {
						CreatedOnToolsVersion = 6.4;
					};
					236364D41C19E5250022D318 = {
						CreatedOnToolsVersion = 6.4;
						TestTargetID = 236364BF1C19E5250022D318;
					};
				};
			};
			buildConfigurationList = 236364BB1C19E5250022D318 /* Build configuration list for PBXProject "TheProject" */;
			compatibilityVersion = "Xcode 3.2";
			developmentRegion = English;
			hasScannedForEncodings = 0;
			knownRegions = (
				en,
				Base,
			);
			mainGroup = 236364B71C19E5250022D318;
			productRefGroup = 236364C11C19E5250022D318 /* Products */;
			projectDirPath = "";
			projectRoot = "";
			targets = (
				236364BF1C19E5250022D318 /* TheProject */,
				236364D41C19E5250022D318 /* TheProjectTests */,
			);
		};
/* End PBXProject section */

/* Begin PBXResourcesBuildPhase section */
		236364BE1C19E5250022D318 /* Resources */ = {
			isa = PBXResourcesBuildPhase;
			buildActionMask = 2147483647;
			files = (
				236364CB1C19E5250022D318 /* Main.storyboard in Resources */,
				236364D01C19E5250022D318 /* LaunchScreen.xib in Resources */,
				236364CD1C19E5250022D318 /* Images.xcassets in Resources */,
			);
			runOnlyForDeploymentPostprocessing = 0;
		};
		236364D31C19E5250022D318 /* Resources */ = {
			isa = PBXResourcesBuildPhase;
			buildActionMask = 2147483647;
			files = (
			);
			runOnlyForDeploymentPostprocessing = 0;
		};
/* End PBXResourcesBuildPhase section */

/* Begin PBXSourcesBuildPhase section */
		236364BC1C19E5250022D318 /* Sources */ = {
			isa = PBXSourcesBuildPhase;
			buildActionMask = 2147483647;
			files = (
				236364C61C19E5250022D318 /* AppDelegate.swift in Sources */,
				236364EA1C19EE890022D318 /* TalkTableViewCell.swift in Sources */,
				236364E71C19E9FF0022D318 /* PopularTalksTableViewController.swift in Sources */,
			);
			runOnlyForDeploymentPostprocessing = 0;
		};
		236364D11C19E5250022D318 /* Sources */ = {
			isa = PBXSourcesBuildPhase;
			buildActionMask = 2147483647;
			files = (
				236364DC1C19E5250022D318 /* TheProjectTests.swift in Sources */,
			);
			runOnlyForDeploymentPostprocessing = 0;
		};
/* End PBXSourcesBuildPhase section */

/* Begin PBXTargetDependency section */
		236364D71C19E5250022D318 /* PBXTargetDependency */ = {
			isa = PBXTargetDependency;
			target = 236364BF1C19E5250022D318 /* TheProject */;
			targetProxy = 236364D61C19E5250022D318 /* PBXContainerItemProxy */;
		};
/* End PBXTargetDependency section */

/* Begin PBXVariantGroup section */
		236364C91C19E5250022D318 /* Main.storyboard */ = {
			isa = PBXVariantGroup;
			children = (
				236364CA1C19E5250022D318 /* Base */,
			);
			name = Main.storyboard;
			sourceTree = "<group>";
		};
		236364CE1C19E5250022D318 /* LaunchScreen.xib */ = {
			isa = PBXVariantGroup;
			children = (
				236364CF1C19E5250022D318 /* Base */,
			);
			name = LaunchScreen.xib;
			sourceTree = "<group>";
		};
/* End PBXVariantGroup section */

/* Begin XCBuildConfiguration section */
		236364DD1C19E5250022D318 /* Debug */ = {
			isa = XCBuildConfiguration;
			buildSettings = {
				ALWAYS_SEARCH_USER_PATHS = NO;
				CLANG_CXX_LANGUAGE_STANDARD = "gnu++0x";
				CLANG_CXX_LIBRARY = "libc++";
				CLANG_ENABLE_MODULES = YES;
				CLANG_ENABLE_OBJC_ARC = YES;
				CLANG_WARN_BOOL_CONVERSION = YES;
				CLANG_WARN_CONSTANT_CONVERSION = YES;
				CLANG_WARN_DIRECT_OBJC_ISA_USAGE = YES_ERROR;
				CLANG_WARN_EMPTY_BODY = YES;
				CLANG_WARN_ENUM_CONVERSION = YES;
				CLANG_WARN_INT_CONVERSION = YES;
				CLANG_WARN_OBJC_ROOT_CLASS = YES_ERROR;
				CLANG_WARN_UNREACHABLE_CODE = YES;
				CLANG_WARN__DUPLICATE_METHOD_MATCH = YES;
				"CODE_SIGN_IDENTITY[sdk=iphoneos*]" = "iPhone Developer";
				COPY_PHASE_STRIP = NO;
				DEBUG_INFORMATION_FORMAT = "dwarf-with-dsym";
				ENABLE_STRICT_OBJC_MSGSEND = YES;
				GCC_C_LANGUAGE_STANDARD = gnu99;
				GCC_DYNAMIC_NO_PIC = NO;
				GCC_NO_COMMON_BLOCKS = YES;
				GCC_OPTIMIZATION_LEVEL = 0;
				GCC_PREPROCESSOR_DEFINITIONS = (
					"DEBUG=1",
					"$(inherited)",
				);
				GCC_SYMBOLS_PRIVATE_EXTERN = NO;
				GCC_WARN_64_TO_32_BIT_CONVERSION = YES;
				GCC_WARN_ABOUT_RETURN_TYPE = YES_ERROR;
				GCC_WARN_UNDECLARED_SELECTOR = YES;
				GCC_WARN_UNINITIALIZED_AUTOS = YES_AGGRESSIVE;
				GCC_WARN_UNUSED_FUNCTION = YES;
				GCC_WARN_UNUSED_VARIABLE = YES;
				IPHONEOS_DEPLOYMENT_TARGET = 8.4;
				MTL_ENABLE_DEBUG_INFO = YES;
				ONLY_ACTIVE_ARCH = YES;
				SDKROOT = iphoneos;
				SWIFT_OPTIMIZATION_LEVEL = "-Onone";
				TARGETED_DEVICE_FAMILY = "1,2";
			};
			name = Debug;
		};
		236364DE1C19E5250022D318 /* Release */ = {
			isa = XCBuildConfiguration;
			buildSettings = {
				ALWAYS_SEARCH_USER_PATHS = NO;
				CLANG_CXX_LANGUAGE_STANDARD = "gnu++0x";
				CLANG_CXX_LIBRARY = "libc++";
				CLANG_ENABLE_MODULES = YES;
				CLANG_ENABLE_OBJC_ARC = YES;
				CLANG_WARN_BOOL_CONVERSION = YES;
				CLANG_WARN_CONSTANT_CONVERSION = YES;
				CLANG_WARN_DIRECT_OBJC_ISA_USAGE = YES_ERROR;
				CLANG_WARN_EMPTY_BODY = YES;
				CLANG_WARN_ENUM_CONVERSION = YES;
				CLANG_WARN_INT_CONVERSION = YES;
				CLANG_WARN_OBJC_ROOT_CLASS = YES_ERROR;
				CLANG_WARN_UNREACHABLE_CODE = YES;
				CLANG_WARN__DUPLICATE_METHOD_MATCH = YES;
				"CODE_SIGN_IDENTITY[sdk=iphoneos*]" = "iPhone Developer";
				COPY_PHASE_STRIP = NO;
				DEBUG_INFORMATION_FORMAT = "dwarf-with-dsym";
				ENABLE_NS_ASSERTIONS = NO;
				ENABLE_STRICT_OBJC_MSGSEND = YES;
				GCC_C_LANGUAGE_STANDARD = gnu99;
				GCC_NO_COMMON_BLOCKS = YES;
				GCC_WARN_64_TO_32_BIT_CONVERSION = YES;
				GCC_WARN_ABOUT_RETURN_TYPE = YES_ERROR;
				GCC_WARN_UNDECLARED_SELECTOR = YES;
				GCC_WARN_UNINITIALIZED_AUTOS = YES_AGGRESSIVE;
				GCC_WARN_UNUSED_FUNCTION = YES;
				GCC_WARN_UNUSED_VARIABLE = YES;
				IPHONEOS_DEPLOYMENT_TARGET = 8.4;
				MTL_ENABLE_DEBUG_INFO = NO;
				SDKROOT = iphoneos;
				TARGETED_DEVICE_FAMILY = "1,2";
				VALIDATE_PRODUCT = YES;
			};
			name = Release;
		};
		236364E01C19E5250022D318 /* Debug */ = {
			isa = XCBuildConfiguration;
			buildSettings = {
				ASSETCATALOG_COMPILER_APPICON_NAME = AppIcon;
				INFOPLIST_FILE = TheProject/Info.plist;
				LD_RUNPATH_SEARCH_PATHS = "$(inherited) @executable_path/Frameworks";
				PRODUCT_NAME = "$(TARGET_NAME)";
			};
			name = Debug;
		};
		236364E11C19E5250022D318 /* Release */ = {
			isa = XCBuildConfiguration;
			buildSettings = {
				ASSETCATALOG_COMPILER_APPICON_NAME = AppIcon;
				INFOPLIST_FILE = TheProject/Info.plist;
				LD_RUNPATH_SEARCH_PATHS = "$(inherited) @executable_path/Frameworks";
				PRODUCT_NAME = "$(TARGET_NAME)";
			};
			name = Release;
		};
		236364E31C19E5250022D318 /* Debug */ = {
			isa = XCBuildConfiguration;
			buildSettings = {
				BUNDLE_LOADER = "$(TEST_HOST)";
				FRAMEWORK_SEARCH_PATHS = (
					"$(SDKROOT)/Developer/Library/Frameworks",
					"$(inherited)",
				);
				GCC_PREPROCESSOR_DEFINITIONS = (
					"DEBUG=1",
					"$(inherited)",
				);
				INFOPLIST_FILE = TheProjectTests/Info.plist;
				LD_RUNPATH_SEARCH_PATHS = "$(inherited) @executable_path/Frameworks @loader_path/Frameworks";
				PRODUCT_NAME = "$(TARGET_NAME)";
				TEST_HOST = "$(BUILT_PRODUCTS_DIR)/TheProject.app/TheProject";
			};
			name = Debug;
		};
		236364E41C19E5250022D318 /* Release */ = {
			isa = XCBuildConfiguration;
			buildSettings = {
				BUNDLE_LOADER = "$(TEST_HOST)";
				FRAMEWORK_SEARCH_PATHS = (
					"$(SDKROOT)/Developer/Library/Frameworks",
					"$(inherited)",
				);
				INFOPLIST_FILE = TheProjectTests/Info.plist;
				LD_RUNPATH_SEARCH_PATHS = "$(inherited) @executable_path/Frameworks @loader_path/Frameworks";
				PRODUCT_NAME = "$(TARGET_NAME)";
				TEST_HOST = "$(BUILT_PRODUCTS_DIR)/TheProject.app/TheProject";
			};
			name = Release;
		};
/* End XCBuildConfiguration section */

/* Begin XCConfigurationList section */
		236364BB1C19E5250022D318 /* Build configuration list for PBXProject "TheProject" */ = {
			isa = XCConfigurationList;
			buildConfigurations = (
				236364DD1C19E5250022D318 /* Debug */,
				236364DE1C19E5250022D318 /* Release */,
			);
			defaultConfigurationIsVisible = 0;
			defaultConfigurationName = Release;
		};
		236364DF1C19E5250022D318 /* Build configuration list for PBXNativeTarget "TheProject" */ = {
			isa = XCConfigurationList;
			buildConfigurations = (
				236364E01C19E5250022D318 /* Debug */,
				236364E11C19E5250022D318 /* Release */,
			);
			defaultConfigurationIsVisible = 0;
		};
		236364E21C19E5250022D318 /* Build configuration list for PBXNativeTarget "TheProjectTests" */ = {
			isa = XCConfigurationList;
			buildConfigurations = (
				236364E31C19E5250022D318 /* Debug */,
				236364E41C19E5250022D318 /* Release */,
			);
			defaultConfigurationIsVisible = 0;
		};
/* End XCConfigurationList section */
	};
	rootObject = 236364B81C19E5250022D318 /* Project object */;
}
